
Microsoft Visual Studio Solution File, Format Version 12.00
# Visual Studio Version 17
VisualStudioVersion = 17.11.35312.102
MinimumVisualStudioVersion = 10.0.40219.1
Project("{9A19103F-16F7-4668-BE54-9A1E7A4F7556}") = "MTTKDotNetCore.ConsoleApp", "MTTKDotNetCore.ConsoleApp\MTTKDotNetCore.ConsoleApp.csproj", "{68D059EA-0148-4874-A0ED-3DD515AD09B3}"
EndProject
Project("{9A19103F-16F7-4668-BE54-9A1E7A4F7556}") = "MTTKDotNetCore.Database", "MTTKDotNetCore.Database\MTTKDotNetCore.Database.csproj", "{4AF03466-6C35-4C42-B9C6-9540E4274AFF}"
EndProject
Project("{9A19103F-16F7-4668-BE54-9A1E7A4F7556}") = "MTTKDotNetCore.ConsoleApp2", "MTTKDotNetCore.ConsoleApp2\MTTKDotNetCore.ConsoleApp2.csproj", "{59D99AEF-BE1E-42ED-A5A3-8282423BB140}"
EndProject
Project("{9A19103F-16F7-4668-BE54-9A1E7A4F7556}") = "MTTKDotNetCore.RestApi", "MTTKDotNetCore.RestApi\MTTKDotNetCore.RestApi.csproj", "{4A8F4E43-3136-405B-95EC-A565DB2604F8}"
EndProject
Project("{2150E333-8FDC-42A3-9474-1A3956D46DE8}") = "Documents", "Documents", "{59F0D92D-5D3E-4E07-BB0E-E136496B7F54}"
	ProjectSection(SolutionItems) = preProject
		README.md = README.md
	EndProjectSection
EndProject
Project("{9A19103F-16F7-4668-BE54-9A1E7A4F7556}") = "MTTKDotNetCore.TodoListRestAPI", "MTTKDotNetCore.TodoListRestAPI\MTTKDotNetCore.TodoListRestAPI.csproj", "{7AF9C9A2-356C-48EC-A9AE-F4336EFDE6AA}"
EndProject
Project("{9A19103F-16F7-4668-BE54-9A1E7A4F7556}") = "MTTKDotNetCore.Shared", "MTTKDotNetCore.Shared\MTTKDotNetCore.Shared.csproj", "{6A47A18A-08EE-466D-A463-49DD6EE3E17B}"
EndProject
Project("{9A19103F-16F7-4668-BE54-9A1E7A4F7556}") = "MTTKDotNetCore.BirdsMinimalApi", "MTTKDotNetCore.BirdsMinimalApi\MTTKDotNetCore.BirdsMinimalApi.csproj", "{EF9818B3-B40C-435A-8E0B-82CDAAE8F749}"
EndProject
Project("{9A19103F-16F7-4668-BE54-9A1E7A4F7556}") = "MTTKDotNetCore.SnakeMinimalApi", "MTTKDotNetCore.SnakeMinimalApi\MTTKDotNetCore.SnakeMinimalApi.csproj", "{D9C37FFE-6ADD-4B8F-83A0-4045B48204FB}"
EndProject
Project("{9A19103F-16F7-4668-BE54-9A1E7A4F7556}") = "MTTKDotNetCore.Domain", "MTTKDotNetCore.Domain\MTTKDotNetCore.Domain.csproj", "{DCC05880-6ADD-49B4-A4B8-8B4ADFE3BEA8}"
EndProject
Project("{9A19103F-16F7-4668-BE54-9A1E7A4F7556}") = "MTTKDotNetCore.MiniKpayApi", "MTTKDotNetCore.AccountApi\MTTKDotNetCore.MiniKpayApi.csproj", "{B0021F02-3445-4518-B5A5-70A67884FDB3}"
EndProject
Project("{9A19103F-16F7-4668-BE54-9A1E7A4F7556}") = "MTTKDotNetCore.PointOfSaleApi", "MTTKDotNetCore.PointOfSaleApi\MTTKDotNetCore.PointOfSaleApi.csproj", "{D04D9FA8-0C16-442C-9BDF-8615E93F89A8}"
EndProject
Project("{9A19103F-16F7-4668-BE54-9A1E7A4F7556}") = "MTTKDotNetCore.MiniKpay.Api", "MTTKDotNetCore.MiniKpay.Api\MTTKDotNetCore.MiniKpay.Api.csproj", "{947E722F-E94D-477C-B49C-3A33333E6126}"
EndProject
Project("{FAE04EC0-301F-11D3-BF4B-00C04F79EFBC}") = "MTTKDotNetCore.MiniKpay.Database", "MTTKDotNetCore.MiniKpay.Database\MTTKDotNetCore.MiniKpay.Database.csproj", "{0F351A60-4BF9-42C7-9A70-336D65E0A9D6}"
EndProject
Project("{FAE04EC0-301F-11D3-BF4B-00C04F79EFBC}") = "MTTKDotNetCore.MiniKpay.Domain", "MTTKDotNetCore.MiniKpay.Domain\MTTKDotNetCore.MiniKpay.Domain.csproj", "{F8DAEB0E-CE80-4CF7-9D29-AC9C0548E252}"
EndProject
Global
	GlobalSection(SolutionConfigurationPlatforms) = preSolution
		Debug|Any CPU = Debug|Any CPU
		Release|Any CPU = Release|Any CPU
	EndGlobalSection
	GlobalSection(ProjectConfigurationPlatforms) = postSolution
		{68D059EA-0148-4874-A0ED-3DD515AD09B3}.Debug|Any CPU.ActiveCfg = Debug|Any CPU
		{68D059EA-0148-4874-A0ED-3DD515AD09B3}.Debug|Any CPU.Build.0 = Debug|Any CPU
		{68D059EA-0148-4874-A0ED-3DD515AD09B3}.Release|Any CPU.ActiveCfg = Release|Any CPU
		{68D059EA-0148-4874-A0ED-3DD515AD09B3}.Release|Any CPU.Build.0 = Release|Any CPU
		{4AF03466-6C35-4C42-B9C6-9540E4274AFF}.Debug|Any CPU.ActiveCfg = Debug|Any CPU
		{4AF03466-6C35-4C42-B9C6-9540E4274AFF}.Debug|Any CPU.Build.0 = Debug|Any CPU
		{4AF03466-6C35-4C42-B9C6-9540E4274AFF}.Release|Any CPU.ActiveCfg = Release|Any CPU
		{4AF03466-6C35-4C42-B9C6-9540E4274AFF}.Release|Any CPU.Build.0 = Release|Any CPU
		{59D99AEF-BE1E-42ED-A5A3-8282423BB140}.Debug|Any CPU.ActiveCfg = Debug|Any CPU
		{59D99AEF-BE1E-42ED-A5A3-8282423BB140}.Debug|Any CPU.Build.0 = Debug|Any CPU
		{59D99AEF-BE1E-42ED-A5A3-8282423BB140}.Release|Any CPU.ActiveCfg = Release|Any CPU
		{59D99AEF-BE1E-42ED-A5A3-8282423BB140}.Release|Any CPU.Build.0 = Release|Any CPU
		{4A8F4E43-3136-405B-95EC-A565DB2604F8}.Debug|Any CPU.ActiveCfg = Debug|Any CPU
		{4A8F4E43-3136-405B-95EC-A565DB2604F8}.Debug|Any CPU.Build.0 = Debug|Any CPU
		{4A8F4E43-3136-405B-95EC-A565DB2604F8}.Release|Any CPU.ActiveCfg = Release|Any CPU
		{4A8F4E43-3136-405B-95EC-A565DB2604F8}.Release|Any CPU.Build.0 = Release|Any CPU
		{7AF9C9A2-356C-48EC-A9AE-F4336EFDE6AA}.Debug|Any CPU.ActiveCfg = Debug|Any CPU
		{7AF9C9A2-356C-48EC-A9AE-F4336EFDE6AA}.Debug|Any CPU.Build.0 = Debug|Any CPU
		{7AF9C9A2-356C-48EC-A9AE-F4336EFDE6AA}.Release|Any CPU.ActiveCfg = Release|Any CPU
		{7AF9C9A2-356C-48EC-A9AE-F4336EFDE6AA}.Release|Any CPU.Build.0 = Release|Any CPU
		{6A47A18A-08EE-466D-A463-49DD6EE3E17B}.Debug|Any CPU.ActiveCfg = Debug|Any CPU
		{6A47A18A-08EE-466D-A463-49DD6EE3E17B}.Debug|Any CPU.Build.0 = Debug|Any CPU
		{6A47A18A-08EE-466D-A463-49DD6EE3E17B}.Release|Any CPU.ActiveCfg = Release|Any CPU
		{6A47A18A-08EE-466D-A463-49DD6EE3E17B}.Release|Any CPU.Build.0 = Release|Any CPU
		{EF9818B3-B40C-435A-8E0B-82CDAAE8F749}.Debug|Any CPU.ActiveCfg = Debug|Any CPU
		{EF9818B3-B40C-435A-8E0B-82CDAAE8F749}.Debug|Any CPU.Build.0 = Debug|Any CPU
		{EF9818B3-B40C-435A-8E0B-82CDAAE8F749}.Release|Any CPU.ActiveCfg = Release|Any CPU
		{EF9818B3-B40C-435A-8E0B-82CDAAE8F749}.Release|Any CPU.Build.0 = Release|Any CPU
		{D9C37FFE-6ADD-4B8F-83A0-4045B48204FB}.Debug|Any CPU.ActiveCfg = Debug|Any CPU
		{D9C37FFE-6ADD-4B8F-83A0-4045B48204FB}.Debug|Any CPU.Build.0 = Debug|Any CPU
		{D9C37FFE-6ADD-4B8F-83A0-4045B48204FB}.Release|Any CPU.ActiveCfg = Release|Any CPU
		{D9C37FFE-6ADD-4B8F-83A0-4045B48204FB}.Release|Any CPU.Build.0 = Release|Any CPU
		{DCC05880-6ADD-49B4-A4B8-8B4ADFE3BEA8}.Debug|Any CPU.ActiveCfg = Debug|Any CPU
		{DCC05880-6ADD-49B4-A4B8-8B4ADFE3BEA8}.Debug|Any CPU.Build.0 = Debug|Any CPU
		{DCC05880-6ADD-49B4-A4B8-8B4ADFE3BEA8}.Release|Any CPU.ActiveCfg = Release|Any CPU
		{DCC05880-6ADD-49B4-A4B8-8B4ADFE3BEA8}.Release|Any CPU.Build.0 = Release|Any CPU
		{B0021F02-3445-4518-B5A5-70A67884FDB3}.Debug|Any CPU.ActiveCfg = Debug|Any CPU
		{B0021F02-3445-4518-B5A5-70A67884FDB3}.Debug|Any CPU.Build.0 = Debug|Any CPU
		{B0021F02-3445-4518-B5A5-70A67884FDB3}.Release|Any CPU.ActiveCfg = Release|Any CPU
		{B0021F02-3445-4518-B5A5-70A67884FDB3}.Release|Any CPU.Build.0 = Release|Any CPU
		{D04D9FA8-0C16-442C-9BDF-8615E93F89A8}.Debug|Any CPU.ActiveCfg = Debug|Any CPU
		{D04D9FA8-0C16-442C-9BDF-8615E93F89A8}.Debug|Any CPU.Build.0 = Debug|Any CPU
		{D04D9FA8-0C16-442C-9BDF-8615E93F89A8}.Release|Any CPU.ActiveCfg = Release|Any CPU
		{D04D9FA8-0C16-442C-9BDF-8615E93F89A8}.Release|Any CPU.Build.0 = Release|Any CPU
		{947E722F-E94D-477C-B49C-3A33333E6126}.Debug|Any CPU.ActiveCfg = Debug|Any CPU
		{947E722F-E94D-477C-B49C-3A33333E6126}.Debug|Any CPU.Build.0 = Debug|Any CPU
		{947E722F-E94D-477C-B49C-3A33333E6126}.Release|Any CPU.ActiveCfg = Release|Any CPU
		{947E722F-E94D-477C-B49C-3A33333E6126}.Release|Any CPU.Build.0 = Release|Any CPU
		{0F351A60-4BF9-42C7-9A70-336D65E0A9D6}.Debug|Any CPU.ActiveCfg = Debug|Any CPU
		{0F351A60-4BF9-42C7-9A70-336D65E0A9D6}.Debug|Any CPU.Build.0 = Debug|Any CPU
		{0F351A60-4BF9-42C7-9A70-336D65E0A9D6}.Release|Any CPU.ActiveCfg = Release|Any CPU
		{0F351A60-4BF9-42C7-9A70-336D65E0A9D6}.Release|Any CPU.Build.0 = Release|Any CPU
		{F8DAEB0E-CE80-4CF7-9D29-AC9C0548E252}.Debug|Any CPU.ActiveCfg = Debug|Any CPU
		{F8DAEB0E-CE80-4CF7-9D29-AC9C0548E252}.Debug|Any CPU.Build.0 = Debug|Any CPU
		{F8DAEB0E-CE80-4CF7-9D29-AC9C0548E252}.Release|Any CPU.ActiveCfg = Release|Any CPU
		{F8DAEB0E-CE80-4CF7-9D29-AC9C0548E252}.Release|Any CPU.Build.0 = Release|Any CPU
	EndGlobalSection
	GlobalSection(SolutionProperties) = preSolution
		HideSolutionNode = FALSE
	EndGlobalSection
	GlobalSection(ExtensibilityGlobals) = postSolution
		SolutionGuid = {6ABCE831-0D94-4307-8165-8EB3B7037787}
	EndGlobalSection
EndGlobal
