
Microsoft Visual Studio Solution File, Format Version 12.00
# Visual Studio Version 17
VisualStudioVersion = 17.11.35312.102
MinimumVisualStudioVersion = 10.0.40219.1
Project("{9A19103F-16F7-4668-BE54-9A1E7A4F7556}") = "MTTKDotNetCore.ConsoleApp", "MTTKDotNetCore.ConsoleApp\MTTKDotNetCore.ConsoleApp.csproj", "{68D059EA-0148-4874-A0ED-3DD515AD09B3}"
EndProject
Project("{9A19103F-16F7-4668-BE54-9A1E7A4F7556}") = "MTTKDotNetCore.Database", "MTTKDotNetCore.Database\MTTKDotNetCore.Database.csproj", "{4AF03466-6C35-4C42-B9C6-9540E4274AFF}"
EndProject
Project("{9A19103F-16F7-4668-BE54-9A1E7A4F7556}") = "MTTKDotNetCore.ConsoleApp2", "MTTKDotNetCore.ConsoleApp2\MTTKDotNetCore.ConsoleApp2.csproj", "{59D99AEF-BE1E-42ED-A5A3-8282423BB140}"
EndProject
Project("{9A19103F-16F7-4668-BE54-9A1E7A4F7556}") = "MTTKDotNetCore.RestApi", "MTTKDotNetCore.RestApi\MTTKDotNetCore.RestApi.csproj", "{4A8F4E43-3136-405B-95EC-A565DB2604F8}"
EndProject
Project("{2150E333-8FDC-42A3-9474-1A3956D46DE8}") = "Documents", "Documents", "{59F0D92D-5D3E-4E07-BB0E-E136496B7F54}"
	ProjectSection(SolutionItems) = preProject
		README.md = README.md
	EndProjectSection
EndProject
Project("{9A19103F-16F7-4668-BE54-9A1E7A4F7556}") = "MTTKDotNetCore.TodoListRestAPI", "MTTKDotNetCore.TodoListRestAPI\MTTKDotNetCore.TodoListRestAPI.csproj", "{7AF9C9A2-356C-48EC-A9AE-F4336EFDE6AA}"
EndProject
Project("{9A19103F-16F7-4668-BE54-9A1E7A4F7556}") = "MTTKDotNetCore.Shared", "MTTKDotNetCore.Shared\MTTKDotNetCore.Shared.csproj", "{6A47A18A-08EE-466D-A463-49DD6EE3E17B}"
EndProject
Project("{9A19103F-16F7-4668-BE54-9A1E7A4F7556}") = "MTTKDotNetCore.SnakeMinimalApi", "MTTKDotNetCore.SnakeMinimalApi\MTTKDotNetCore.SnakeMinimalApi.csproj", "{D9C37FFE-6ADD-4B8F-83A0-4045B48204FB}"
EndProject
Project("{9A19103F-16F7-4668-BE54-9A1E7A4F7556}") = "MTTKDotNetCore.Domain", "MTTKDotNetCore.Domain\MTTKDotNetCore.Domain.csproj", "{DCC05880-6ADD-49B4-A4B8-8B4ADFE3BEA8}"
EndProject
Project("{9A19103F-16F7-4668-BE54-9A1E7A4F7556}") = "MTTKDotNetCore.PointOfSale.Api", "MTTKDotNetCore.PointOfSaleApi\MTTKDotNetCore.PointOfSale.Api.csproj", "{D04D9FA8-0C16-442C-9BDF-8615E93F89A8}"
EndProject
Project("{9A19103F-16F7-4668-BE54-9A1E7A4F7556}") = "MTTKDotNetCore.MiniKpay.Api", "MTTKDotNetCore.MiniKpay.Api\MTTKDotNetCore.MiniKpay.Api.csproj", "{947E722F-E94D-477C-B49C-3A33333E6126}"
EndProject
Project("{9A19103F-16F7-4668-BE54-9A1E7A4F7556}") = "MTTKDotNetCore.MiniKpay.Database", "MTTKDotNetCore.MiniKpay.Database\MTTKDotNetCore.MiniKpay.Database.csproj", "{0F351A60-4BF9-42C7-9A70-336D65E0A9D6}"
EndProject
Project("{9A19103F-16F7-4668-BE54-9A1E7A4F7556}") = "MTTKDotNetCore.MiniKpay.Domain", "MTTKDotNetCore.MiniKpay.Domain\MTTKDotNetCore.MiniKpay.Domain.csproj", "{F8DAEB0E-CE80-4CF7-9D29-AC9C0548E252}"
EndProject
Project("{9A19103F-16F7-4668-BE54-9A1E7A4F7556}") = "MTTKDotNetCore.ConsoleApp3", "MTTKDotNetCore.ConsoleApp3\MTTKDotNetCore.ConsoleApp3.csproj", "{3C425BC0-468D-4BAA-8164-BB50D24FA5E4}"
EndProject
Project("{9A19103F-16F7-4668-BE54-9A1E7A4F7556}") = "MTTKDotNetCore.PointOfSale.Database", "MTTKDotNetCore.PointOfSale.Database\MTTKDotNetCore.PointOfSale.Database.csproj", "{43A382C8-8D0C-4BAE-BDB6-4ECA465BD3E8}"
EndProject
Project("{9A19103F-16F7-4668-BE54-9A1E7A4F7556}") = "MTTKDotNetCore.PointOfSale.Domain", "MTTKDotNetCore.PointOfSale.Domain\MTTKDotNetCore.PointOfSale.Domain.csproj", "{C9F2B3F9-10C3-455B-B649-26F02A271DBC}"
EndProject
Project("{9A19103F-16F7-4668-BE54-9A1E7A4F7556}") = "MTTKDotNetCore.ConsoleAppWithDi", "MTTKDotNetCore.ConsoleAppWithDi\MTTKDotNetCore.ConsoleAppWithDi.csproj", "{810B7223-3709-4DE9-BD87-6ECFD33BAD8A}"
EndProject
Project("{9A19103F-16F7-4668-BE54-9A1E7A4F7556}") = "MTTKDotNetCore.RestApi2", "MTTKDotNetCore.RestApi2\MTTKDotNetCore.RestApi2.csproj", "{9AA42232-1D6C-4ABE-8BE7-61C5CF089F25}"
EndProject
Project("{9A19103F-16F7-4668-BE54-9A1E7A4F7556}") = "MTTKDotNetCore.RestApi3", "MTTKDotNetCore.RestApi3\MTTKDotNetCore.RestApi3.csproj", "{E50720D0-9C66-41BD-9F76-264A45A5624A}"
EndProject
Project("{FAE04EC0-301F-11D3-BF4B-00C04F79EFBC}") = "MTTKDotNetCore.ConsoleApp4", "MTTKDotNetCore.ConsoleApp4\MTTKDotNetCore.ConsoleApp4.csproj", "{37AC0D45-4BD5-4032-A7BB-F65B834FB015}"
EndProject
Global
	GlobalSection(SolutionConfigurationPlatforms) = preSolution
		Debug|Any CPU = Debug|Any CPU
		Release|Any CPU = Release|Any CPU
	EndGlobalSection
	GlobalSection(ProjectConfigurationPlatforms) = postSolution
		{68D059EA-0148-4874-A0ED-3DD515AD09B3}.Debug|Any CPU.ActiveCfg = Debug|Any CPU
		{68D059EA-0148-4874-A0ED-3DD515AD09B3}.Debug|Any CPU.Build.0 = Debug|Any CPU
		{68D059EA-0148-4874-A0ED-3DD515AD09B3}.Release|Any CPU.ActiveCfg = Release|Any CPU
		{68D059EA-0148-4874-A0ED-3DD515AD09B3}.Release|Any CPU.Build.0 = Release|Any CPU
		{4AF03466-6C35-4C42-B9C6-9540E4274AFF}.Debug|Any CPU.ActiveCfg = Debug|Any CPU
		{4AF03466-6C35-4C42-B9C6-9540E4274AFF}.Debug|Any CPU.Build.0 = Debug|Any CPU
		{4AF03466-6C35-4C42-B9C6-9540E4274AFF}.Release|Any CPU.ActiveCfg = Release|Any CPU
		{4AF03466-6C35-4C42-B9C6-9540E4274AFF}.Release|Any CPU.Build.0 = Release|Any CPU
		{59D99AEF-BE1E-42ED-A5A3-8282423BB140}.Debug|Any CPU.ActiveCfg = Debug|Any CPU
		{59D99AEF-BE1E-42ED-A5A3-8282423BB140}.Debug|Any CPU.Build.0 = Debug|Any CPU
		{59D99AEF-BE1E-42ED-A5A3-8282423BB140}.Release|Any CPU.ActiveCfg = Release|Any CPU
		{59D99AEF-BE1E-42ED-A5A3-8282423BB140}.Release|Any CPU.Build.0 = Release|Any CPU
		{4A8F4E43-3136-405B-95EC-A565DB2604F8}.Debug|Any CPU.ActiveCfg = Debug|Any CPU
		{4A8F4E43-3136-405B-95EC-A565DB2604F8}.Debug|Any CPU.Build.0 = Debug|Any CPU
		{4A8F4E43-3136-405B-95EC-A565DB2604F8}.Release|Any CPU.ActiveCfg = Release|Any CPU
		{4A8F4E43-3136-405B-95EC-A565DB2604F8}.Release|Any CPU.Build.0 = Release|Any CPU
		{7AF9C9A2-356C-48EC-A9AE-F4336EFDE6AA}.Debug|Any CPU.ActiveCfg = Debug|Any CPU
		{7AF9C9A2-356C-48EC-A9AE-F4336EFDE6AA}.Debug|Any CPU.Build.0 = Debug|Any CPU
		{7AF9C9A2-356C-48EC-A9AE-F4336EFDE6AA}.Release|Any CPU.ActiveCfg = Release|Any CPU
		{7AF9C9A2-356C-48EC-A9AE-F4336EFDE6AA}.Release|Any CPU.Build.0 = Release|Any CPU
		{6A47A18A-08EE-466D-A463-49DD6EE3E17B}.Debug|Any CPU.ActiveCfg = Debug|Any CPU
		{6A47A18A-08EE-466D-A463-49DD6EE3E17B}.Debug|Any CPU.Build.0 = Debug|Any CPU
		{6A47A18A-08EE-466D-A463-49DD6EE3E17B}.Release|Any CPU.ActiveCfg = Release|Any CPU
		{6A47A18A-08EE-466D-A463-49DD6EE3E17B}.Release|Any CPU.Build.0 = Release|Any CPU
		{D9C37FFE-6ADD-4B8F-83A0-4045B48204FB}.Debug|Any CPU.ActiveCfg = Debug|Any CPU
		{D9C37FFE-6ADD-4B8F-83A0-4045B48204FB}.Debug|Any CPU.Build.0 = Debug|Any CPU
		{D9C37FFE-6ADD-4B8F-83A0-4045B48204FB}.Release|Any CPU.ActiveCfg = Release|Any CPU
		{D9C37FFE-6ADD-4B8F-83A0-4045B48204FB}.Release|Any CPU.Build.0 = Release|Any CPU
		{DCC05880-6ADD-49B4-A4B8-8B4ADFE3BEA8}.Debug|Any CPU.ActiveCfg = Debug|Any CPU
		{DCC05880-6ADD-49B4-A4B8-8B4ADFE3BEA8}.Debug|Any CPU.Build.0 = Debug|Any CPU
		{DCC05880-6ADD-49B4-A4B8-8B4ADFE3BEA8}.Release|Any CPU.ActiveCfg = Release|Any CPU
		{DCC05880-6ADD-49B4-A4B8-8B4ADFE3BEA8}.Release|Any CPU.Build.0 = Release|Any CPU
		{D04D9FA8-0C16-442C-9BDF-8615E93F89A8}.Debug|Any CPU.ActiveCfg = Debug|Any CPU
		{D04D9FA8-0C16-442C-9BDF-8615E93F89A8}.Debug|Any CPU.Build.0 = Debug|Any CPU
		{D04D9FA8-0C16-442C-9BDF-8615E93F89A8}.Release|Any CPU.ActiveCfg = Release|Any CPU
		{D04D9FA8-0C16-442C-9BDF-8615E93F89A8}.Release|Any CPU.Build.0 = Release|Any CPU
		{947E722F-E94D-477C-B49C-3A33333E6126}.Debug|Any CPU.ActiveCfg = Debug|Any CPU
		{947E722F-E94D-477C-B49C-3A33333E6126}.Debug|Any CPU.Build.0 = Debug|Any CPU
		{947E722F-E94D-477C-B49C-3A33333E6126}.Release|Any CPU.ActiveCfg = Release|Any CPU
		{947E722F-E94D-477C-B49C-3A33333E6126}.Release|Any CPU.Build.0 = Release|Any CPU
		{0F351A60-4BF9-42C7-9A70-336D65E0A9D6}.Debug|Any CPU.ActiveCfg = Debug|Any CPU
		{0F351A60-4BF9-42C7-9A70-336D65E0A9D6}.Debug|Any CPU.Build.0 = Debug|Any CPU
		{0F351A60-4BF9-42C7-9A70-336D65E0A9D6}.Release|Any CPU.ActiveCfg = Release|Any CPU
		{0F351A60-4BF9-42C7-9A70-336D65E0A9D6}.Release|Any CPU.Build.0 = Release|Any CPU
		{F8DAEB0E-CE80-4CF7-9D29-AC9C0548E252}.Debug|Any CPU.ActiveCfg = Debug|Any CPU
		{F8DAEB0E-CE80-4CF7-9D29-AC9C0548E252}.Debug|Any CPU.Build.0 = Debug|Any CPU
		{F8DAEB0E-CE80-4CF7-9D29-AC9C0548E252}.Release|Any CPU.ActiveCfg = Release|Any CPU
		{F8DAEB0E-CE80-4CF7-9D29-AC9C0548E252}.Release|Any CPU.Build.0 = Release|Any CPU
		{3C425BC0-468D-4BAA-8164-BB50D24FA5E4}.Debug|Any CPU.ActiveCfg = Debug|Any CPU
		{3C425BC0-468D-4BAA-8164-BB50D24FA5E4}.Debug|Any CPU.Build.0 = Debug|Any CPU
		{3C425BC0-468D-4BAA-8164-BB50D24FA5E4}.Release|Any CPU.ActiveCfg = Release|Any CPU
		{3C425BC0-468D-4BAA-8164-BB50D24FA5E4}.Release|Any CPU.Build.0 = Release|Any CPU
		{43A382C8-8D0C-4BAE-BDB6-4ECA465BD3E8}.Debug|Any CPU.ActiveCfg = Debug|Any CPU
		{43A382C8-8D0C-4BAE-BDB6-4ECA465BD3E8}.Debug|Any CPU.Build.0 = Debug|Any CPU
		{43A382C8-8D0C-4BAE-BDB6-4ECA465BD3E8}.Release|Any CPU.ActiveCfg = Release|Any CPU
		{43A382C8-8D0C-4BAE-BDB6-4ECA465BD3E8}.Release|Any CPU.Build.0 = Release|Any CPU
		{C9F2B3F9-10C3-455B-B649-26F02A271DBC}.Debug|Any CPU.ActiveCfg = Debug|Any CPU
		{C9F2B3F9-10C3-455B-B649-26F02A271DBC}.Debug|Any CPU.Build.0 = Debug|Any CPU
		{C9F2B3F9-10C3-455B-B649-26F02A271DBC}.Release|Any CPU.ActiveCfg = Release|Any CPU
		{C9F2B3F9-10C3-455B-B649-26F02A271DBC}.Release|Any CPU.Build.0 = Release|Any CPU
		{810B7223-3709-4DE9-BD87-6ECFD33BAD8A}.Debug|Any CPU.ActiveCfg = Debug|Any CPU
		{810B7223-3709-4DE9-BD87-6ECFD33BAD8A}.Debug|Any CPU.Build.0 = Debug|Any CPU
		{810B7223-3709-4DE9-BD87-6ECFD33BAD8A}.Release|Any CPU.ActiveCfg = Release|Any CPU
		{810B7223-3709-4DE9-BD87-6ECFD33BAD8A}.Release|Any CPU.Build.0 = Release|Any CPU
		{9AA42232-1D6C-4ABE-8BE7-61C5CF089F25}.Debug|Any CPU.ActiveCfg = Debug|Any CPU
		{9AA42232-1D6C-4ABE-8BE7-61C5CF089F25}.Debug|Any CPU.Build.0 = Debug|Any CPU
		{9AA42232-1D6C-4ABE-8BE7-61C5CF089F25}.Release|Any CPU.ActiveCfg = Release|Any CPU
		{9AA42232-1D6C-4ABE-8BE7-61C5CF089F25}.Release|Any CPU.Build.0 = Release|Any CPU
		{E50720D0-9C66-41BD-9F76-264A45A5624A}.Debug|Any CPU.ActiveCfg = Debug|Any CPU
		{E50720D0-9C66-41BD-9F76-264A45A5624A}.Debug|Any CPU.Build.0 = Debug|Any CPU
		{E50720D0-9C66-41BD-9F76-264A45A5624A}.Release|Any CPU.ActiveCfg = Release|Any CPU
		{E50720D0-9C66-41BD-9F76-264A45A5624A}.Release|Any CPU.Build.0 = Release|Any CPU
		{37AC0D45-4BD5-4032-A7BB-F65B834FB015}.Debug|Any CPU.ActiveCfg = Debug|Any CPU
		{37AC0D45-4BD5-4032-A7BB-F65B834FB015}.Debug|Any CPU.Build.0 = Debug|Any CPU
		{37AC0D45-4BD5-4032-A7BB-F65B834FB015}.Release|Any CPU.ActiveCfg = Release|Any CPU
		{37AC0D45-4BD5-4032-A7BB-F65B834FB015}.Release|Any CPU.Build.0 = Release|Any CPU
	EndGlobalSection
	GlobalSection(SolutionProperties) = preSolution
		HideSolutionNode = FALSE
	EndGlobalSection
	GlobalSection(ExtensibilityGlobals) = postSolution
		SolutionGuid = {6ABCE831-0D94-4307-8165-8EB3B7037787}
	EndGlobalSection
EndGlobal
